// !$*UTF8*$!
{
	archiveVersion = 1;
	classes = {
	};
	objectVersion = 46;
	objects = {

/* Begin PBXBuildFile section */
		09DFC104EF7B1E82620BC545 /* Pods_SudokuTool.framework in Frameworks */ = {isa = PBXBuildFile; fileRef = E114679A807AA17434FA2768 /* Pods_SudokuTool.framework */; };
		66D792CC1E54542000475454 /* AppDelegate.swift in Sources */ = {isa = PBXBuildFile; fileRef = 66D792CB1E54542000475454 /* AppDelegate.swift */; };
		66D792CE1E54542000475454 /* ViewController.swift in Sources */ = {isa = PBXBuildFile; fileRef = 66D792CD1E54542000475454 /* ViewController.swift */; };
		66D792D31E54542000475454 /* Assets.xcassets in Resources */ = {isa = PBXBuildFile; fileRef = 66D792D21E54542000475454 /* Assets.xcassets */; };
		66D792D61E54542000475454 /* LaunchScreen.storyboard in Resources */ = {isa = PBXBuildFile; fileRef = 66D792D41E54542000475454 /* LaunchScreen.storyboard */; };
		66D792DE1E55DF6100475454 /* BoardView.swift in Sources */ = {isa = PBXBuildFile; fileRef = 66D792DD1E55DF6100475454 /* BoardView.swift */; };
		66D792E01E55FF8200475454 /* Constants.swift in Sources */ = {isa = PBXBuildFile; fileRef = 66D792DF1E55FF8100475454 /* Constants.swift */; };
		66D792E21E57010400475454 /* NumberView.swift in Sources */ = {isa = PBXBuildFile; fileRef = 66D792E11E57010400475454 /* NumberView.swift */; };
/* End PBXBuildFile section */

/* Begin PBXFileReference section */
		6358790AFB80EE57EBF810DD /* Pods-SudokuTool.release.xcconfig */ = {isa = PBXFileReference; includeInIndex = 1; lastKnownFileType = text.xcconfig; name = "Pods-SudokuTool.release.xcconfig"; path = "Pods/Target Support Files/Pods-SudokuTool/Pods-SudokuTool.release.xcconfig"; sourceTree = "<group>"; };
		66D792C81E54542000475454 /* SudokuTool.app */ = {isa = PBXFileReference; explicitFileType = wrapper.application; includeInIndex = 0; path = SudokuTool.app; sourceTree = BUILT_PRODUCTS_DIR; };
		66D792CB1E54542000475454 /* AppDelegate.swift */ = {isa = PBXFileReference; lastKnownFileType = sourcecode.swift; path = AppDelegate.swift; sourceTree = "<group>"; };
		66D792CD1E54542000475454 /* ViewController.swift */ = {isa = PBXFileReference; lastKnownFileType = sourcecode.swift; path = ViewController.swift; sourceTree = "<group>"; };
		66D792D21E54542000475454 /* Assets.xcassets */ = {isa = PBXFileReference; lastKnownFileType = folder.assetcatalog; path = Assets.xcassets; sourceTree = "<group>"; };
		66D792D51E54542000475454 /* Base */ = {isa = PBXFileReference; lastKnownFileType = file.storyboard; name = Base; path = Base.lproj/LaunchScreen.storyboard; sourceTree = "<group>"; };
		66D792D71E54542000475454 /* Info.plist */ = {isa = PBXFileReference; lastKnownFileType = text.plist.xml; path = Info.plist; sourceTree = "<group>"; };
		66D792DD1E55DF6100475454 /* BoardView.swift */ = {isa = PBXFileReference; fileEncoding = 4; lastKnownFileType = sourcecode.swift; path = BoardView.swift; sourceTree = "<group>"; };
		66D792DF1E55FF8100475454 /* Constants.swift */ = {isa = PBXFileReference; fileEncoding = 4; lastKnownFileType = sourcecode.swift; path = Constants.swift; sourceTree = "<group>"; };
		66D792E11E57010400475454 /* NumberView.swift */ = {isa = PBXFileReference; fileEncoding = 4; lastKnownFileType = sourcecode.swift; path = NumberView.swift; sourceTree = "<group>"; };
		A7BD3E8DC83B96B40BAA3A9F /* Pods-SudokuTool.debug.xcconfig */ = {isa = PBXFileReference; includeInIndex = 1; lastKnownFileType = text.xcconfig; name = "Pods-SudokuTool.debug.xcconfig"; path = "Pods/Target Support Files/Pods-SudokuTool/Pods-SudokuTool.debug.xcconfig"; sourceTree = "<group>"; };
		E114679A807AA17434FA2768 /* Pods_SudokuTool.framework */ = {isa = PBXFileReference; explicitFileType = wrapper.framework; includeInIndex = 0; path = Pods_SudokuTool.framework; sourceTree = BUILT_PRODUCTS_DIR; };
/* End PBXFileReference section */

/* Begin PBXFrameworksBuildPhase section */
		66D792C51E54542000475454 /* Frameworks */ = {
			isa = PBXFrameworksBuildPhase;
			buildActionMask = 2147483647;
			files = (
				09DFC104EF7B1E82620BC545 /* Pods_SudokuTool.framework in Frameworks */,
			);
			runOnlyForDeploymentPostprocessing = 0;
		};
/* End PBXFrameworksBuildPhase section */

/* Begin PBXGroup section */
		66D792BF1E54542000475454 = {
			isa = PBXGroup;
			children = (
				66D792CA1E54542000475454 /* SudokuTool */,
				66D792C91E54542000475454 /* Products */,
				9E9F7869729B6F76790139F2 /* Pods */,
				CCD80A909F42EA7E79EF7D40 /* Frameworks */,
			);
			sourceTree = "<group>";
		};
		66D792C91E54542000475454 /* Products */ = {
			isa = PBXGroup;
			children = (
				66D792C81E54542000475454 /* SudokuTool.app */,
			);
			name = Products;
			sourceTree = "<group>";
		};
		66D792CA1E54542000475454 /* SudokuTool */ = {
			isa = PBXGroup;
			children = (
				66D792D71E54542000475454 /* Info.plist */,
				66D792CB1E54542000475454 /* AppDelegate.swift */,
				66D792DD1E55DF6100475454 /* BoardView.swift */,
				66D792DF1E55FF8100475454 /* Constants.swift */,
				66D792CD1E54542000475454 /* ViewController.swift */,
				66D792D21E54542000475454 /* Assets.xcassets */,
				66D792D41E54542000475454 /* LaunchScreen.storyboard */,
				66D792E11E57010400475454 /* NumberView.swift */,
			);
			path = SudokuTool;
			sourceTree = "<group>";
		};
		9E9F7869729B6F76790139F2 /* Pods */ = {
			isa = PBXGroup;
			children = (
				A7BD3E8DC83B96B40BAA3A9F /* Pods-SudokuTool.debug.xcconfig */,
				6358790AFB80EE57EBF810DD /* Pods-SudokuTool.release.xcconfig */,
			);
			name = Pods;
			sourceTree = "<group>";
		};
		CCD80A909F42EA7E79EF7D40 /* Frameworks */ = {
			isa = PBXGroup;
			children = (
				E114679A807AA17434FA2768 /* Pods_SudokuTool.framework */,
			);
			name = Frameworks;
			sourceTree = "<group>";
		};
/* End PBXGroup section */

/* Begin PBXNativeTarget section */
		66D792C71E54542000475454 /* SudokuTool */ = {
			isa = PBXNativeTarget;
			buildConfigurationList = 66D792DA1E54542000475454 /* Build configuration list for PBXNativeTarget "SudokuTool" */;
			buildPhases = (
				9580A3082AEDC80D19495BA9 /* [CP] Check Pods Manifest.lock */,
				66D792C41E54542000475454 /* Sources */,
				66D792C51E54542000475454 /* Frameworks */,
				66D792C61E54542000475454 /* Resources */,
				05687C61D34E8378FAE35436 /* [CP] Embed Pods Frameworks */,
				DCED3531C0E3E525DDE87F21 /* [CP] Copy Pods Resources */,
			);
			buildRules = (
			);
			dependencies = (
			);
			name = SudokuTool;
			productName = SudokuTool;
			productReference = 66D792C81E54542000475454 /* SudokuTool.app */;
			productType = "com.apple.product-type.application";
		};
/* End PBXNativeTarget section */

/* Begin PBXProject section */
		66D792C01E54542000475454 /* Project object */ = {
			isa = PBXProject;
			attributes = {
				LastSwiftUpdateCheck = 0820;
				LastUpgradeCheck = 0820;
				ORGANIZATIONNAME = wenyou;
				TargetAttributes = {
					66D792C71E54542000475454 = {
						CreatedOnToolsVersion = 8.2.1;
						DevelopmentTeam = CY25956VB2;
						ProvisioningStyle = Automatic;
					};
				};
			};
			buildConfigurationList = 66D792C31E54542000475454 /* Build configuration list for PBXProject "SudokuTool" */;
			compatibilityVersion = "Xcode 3.2";
			developmentRegion = English;
			hasScannedForEncodings = 0;
			knownRegions = (
				en,
				Base,
			);
			mainGroup = 66D792BF1E54542000475454;
			productRefGroup = 66D792C91E54542000475454 /* Products */;
			projectDirPath = "";
			projectRoot = "";
			targets = (
				66D792C71E54542000475454 /* SudokuTool */,
			);
		};
/* End PBXProject section */

/* Begin PBXResourcesBuildPhase section */
		66D792C61E54542000475454 /* Resources */ = {
			isa = PBXResourcesBuildPhase;
			buildActionMask = 2147483647;
			files = (
				66D792D61E54542000475454 /* LaunchScreen.storyboard in Resources */,
				66D792D31E54542000475454 /* Assets.xcassets in Resources */,
			);
			runOnlyForDeploymentPostprocessing = 0;
		};
/* End PBXResourcesBuildPhase section */

/* Begin PBXShellScriptBuildPhase section */
		05687C61D34E8378FAE35436 /* [CP] Embed Pods Frameworks */ = {
			isa = PBXShellScriptBuildPhase;
			buildActionMask = 2147483647;
			files = (
			);
			inputPaths = (
			);
			name = "[CP] Embed Pods Frameworks";
			outputPaths = (
			);
			runOnlyForDeploymentPostprocessing = 0;
			shellPath = /bin/sh;
			shellScript = "\"${SRCROOT}/Pods/Target Support Files/Pods-SudokuTool/Pods-SudokuTool-frameworks.sh\"\n";
			showEnvVarsInLog = 0;
		};
		9580A3082AEDC80D19495BA9 /* [CP] Check Pods Manifest.lock */ = {
			isa = PBXShellScriptBuildPhase;
			buildActionMask = 2147483647;
			files = (
			);
			inputPaths = (
			);
			name = "[CP] Check Pods Manifest.lock";
			outputPaths = (
			);
			runOnlyForDeploymentPostprocessing = 0;
			shellPath = /bin/sh;
			shellScript = "diff \"${PODS_ROOT}/../Podfile.lock\" \"${PODS_ROOT}/Manifest.lock\" > /dev/null\nif [ $? != 0 ] ; then\n    # print error to STDERR\n    echo \"error: The sandbox is not in sync with the Podfile.lock. Run 'pod install' or update your CocoaPods installation.\" >&2\n    exit 1\nfi\n";
			showEnvVarsInLog = 0;
		};
		DCED3531C0E3E525DDE87F21 /* [CP] Copy Pods Resources */ = {
			isa = PBXShellScriptBuildPhase;
			buildActionMask = 2147483647;
			files = (
			);
			inputPaths = (
			);
			name = "[CP] Copy Pods Resources";
			outputPaths = (
			);
			runOnlyForDeploymentPostprocessing = 0;
			shellPath = /bin/sh;
			shellScript = "\"${SRCROOT}/Pods/Target Support Files/Pods-SudokuTool/Pods-SudokuTool-resources.sh\"\n";
			showEnvVarsInLog = 0;
		};
/* End PBXShellScriptBuildPhase section */

/* Begin PBXSourcesBuildPhase section */
		66D792C41E54542000475454 /* Sources */ = {
			isa = PBXSourcesBuildPhase;
			buildActionMask = 2147483647;
			files = (
				66D792DE1E55DF6100475454 /* BoardView.swift in Sources */,
				66D792CE1E54542000475454 /* ViewController.swift in Sources */,
				66D792CC1E54542000475454 /* AppDelegate.swift in Sources */,
				66D792E21E57010400475454 /* NumberView.swift in Sources */,
				66D792E01E55FF8200475454 /* Constants.swift in Sources */,
			);
			runOnlyForDeploymentPostprocessing = 0;
		};
/* End PBXSourcesBuildPhase section */

/* Begin PBXVariantGroup section */
		66D792D41E54542000475454 /* LaunchScreen.storyboard */ = {
			isa = PBXVariantGroup;
			children = (
				66D792D51E54542000475454 /* Base */,
			);
			name = LaunchScreen.storyboard;
			sourceTree = "<group>";
		};
/* End PBXVariantGroup section */

/* Begin XCBuildConfiguration section */
		66D792D81E54542000475454 /* Debug */ = {
			isa = XCBuildConfiguration;
			buildSettings = {
				ALWAYS_SEARCH_USER_PATHS = NO;
				CLANG_ANALYZER_NONNULL = YES;
				CLANG_CXX_LANGUAGE_STANDARD = "gnu++0x";
				CLANG_CXX_LIBRARY = "libc++";
				CLANG_ENABLE_MODULES = YES;
				CLANG_ENABLE_OBJC_ARC = YES;
				CLANG_WARN_BOOL_CONVERSION = YES;
				CLANG_WARN_CONSTANT_CONVERSION = YES;
				CLANG_WARN_DIRECT_OBJC_ISA_USAGE = YES_ERROR;
				CLANG_WARN_DOCUMENTATION_COMMENTS = YES;
				CLANG_WARN_EMPTY_BODY = YES;
				CLANG_WARN_ENUM_CONVERSION = YES;
				CLANG_WARN_INFINITE_RECURSION = YES;
				CLANG_WARN_INT_CONVERSION = YES;
				CLANG_WARN_OBJC_ROOT_CLASS = YES_ERROR;
				CLANG_WARN_SUSPICIOUS_MOVE = YES;
				CLANG_WARN_UNREACHABLE_CODE = YES;
				CLANG_WARN__DUPLICATE_METHOD_MATCH = YES;
				"CODE_SIGN_IDENTITY[sdk=iphoneos*]" = "iPhone Developer";
				COPY_PHASE_STRIP = NO;
				DEBUG_INFORMATION_FORMAT = dwarf;
				ENABLE_STRICT_OBJC_MSGSEND = YES;
				ENABLE_TESTABILITY = YES;
				GCC_C_LANGUAGE_STANDARD = gnu99;
				GCC_DYNAMIC_NO_PIC = NO;
				GCC_NO_COMMON_BLOCKS = YES;
				GCC_OPTIMIZATION_LEVEL = 0;
				GCC_PREPROCESSOR_DEFINITIONS = (
					"DEBUG=1",
					"$(inherited)",
				);
				GCC_WARN_64_TO_32_BIT_CONVERSION = YES;
				GCC_WARN_ABOUT_RETURN_TYPE = YES_ERROR;
				GCC_WARN_UNDECLARED_SELECTOR = YES;
				GCC_WARN_UNINITIALIZED_AUTOS = YES_AGGRESSIVE;
				GCC_WARN_UNUSED_FUNCTION = YES;
				GCC_WARN_UNUSED_VARIABLE = YES;
				IPHONEOS_DEPLOYMENT_TARGET = 10.2;
				MTL_ENABLE_DEBUG_INFO = YES;
				ONLY_ACTIVE_ARCH = YES;
				SDKROOT = iphoneos;
				SWIFT_ACTIVE_COMPILATION_CONDITIONS = DEBUG;
				SWIFT_OPTIMIZATION_LEVEL = "-Onone";
			};
			name = Debug;
		};
		66D792D91E54542000475454 /* Release */ = {
			isa = XCBuildConfiguration;
			buildSettings = {
				ALWAYS_SEARCH_USER_PATHS = NO;
				CLANG_ANALYZER_NONNULL = YES;
				CLANG_CXX_LANGUAGE_STANDARD = "gnu++0x";
				CLANG_CXX_LIBRARY = "libc++";
				CLANG_ENABLE_MODULES = YES;
				CLANG_ENABLE_OBJC_ARC = YES;
				CLANG_WARN_BOOL_CONVERSION = YES;
				CLANG_WARN_CONSTANT_CONVERSION = YES;
				CLANG_WARN_DIRECT_OBJC_ISA_USAGE = YES_ERROR;
				CLANG_WARN_DOCUMENTATION_COMMENTS = YES;
				CLANG_WARN_EMPTY_BODY = YES;
				CLANG_WARN_ENUM_CONVERSION = YES;
				CLANG_WARN_INFINITE_RECURSION = YES;
				CLANG_WARN_INT_CONVERSION = YES;
				CLANG_WARN_OBJC_ROOT_CLASS = YES_ERROR;
				CLANG_WARN_SUSPICIOUS_MOVE = YES;
				CLANG_WARN_UNREACHABLE_CODE = YES;
				CLANG_WARN__DUPLICATE_METHOD_MATCH = YES;
				"CODE_SIGN_IDENTITY[sdk=iphoneos*]" = "iPhone Developer";
				COPY_PHASE_STRIP = NO;
				DEBUG_INFORMATION_FORMAT = "dwarf-with-dsym";
				ENABLE_NS_ASSERTIONS = NO;
				ENABLE_STRICT_OBJC_MSGSEND = YES;
				GCC_C_LANGUAGE_STANDARD = gnu99;
				GCC_NO_COMMON_BLOCKS = YES;
				GCC_WARN_64_TO_32_BIT_CONVERSION = YES;
				GCC_WARN_ABOUT_RETURN_TYPE = YES_ERROR;
				GCC_WARN_UNDECLARED_SELECTOR = YES;
				GCC_WARN_UNINITIALIZED_AUTOS = YES_AGGRESSIVE;
				GCC_WARN_UNUSED_FUNCTION = YES;
				GCC_WARN_UNUSED_VARIABLE = YES;
				IPHONEOS_DEPLOYMENT_TARGET = 10.2;
				MTL_ENABLE_DEBUG_INFO = NO;
				SDKROOT = iphoneos;
				SWIFT_OPTIMIZATION_LEVEL = "-Owholemodule";
				VALIDATE_PRODUCT = YES;
			};
			name = Release;
		};
		66D792DB1E54542000475454 /* Debug */ = {
			isa = XCBuildConfiguration;
			baseConfigurationReference = A7BD3E8DC83B96B40BAA3A9F /* Pods-SudokuTool.debug.xcconfig */;
			buildSettings = {
				ASSETCATALOG_COMPILER_APPICON_NAME = AppIcon;
				DEVELOPMENT_TEAM = CY25956VB2;
				INFOPLIST_FILE = SudokuTool/Info.plist;
				LD_RUNPATH_SEARCH_PATHS = "$(inherited) @executable_path/Frameworks";
				PRODUCT_BUNDLE_IDENTIFIER = win.sourcecode.SudokuTool;
				PRODUCT_NAME = "$(TARGET_NAME)";
				SWIFT_VERSION = 3.0;
			};
			name = Debug;
		};
		66D792DC1E54542000475454 /* Release */ = {
			isa = XCBuildConfiguration;
			baseConfigurationReference = 6358790AFB80EE57EBF810DD /* Pods-SudokuTool.release.xcconfig */;
			buildSettings = {
				ASSETCATALOG_COMPILER_APPICON_NAME = AppIcon;
				DEVELOPMENT_TEAM = CY25956VB2;
				INFOPLIST_FILE = SudokuTool/Info.plist;
				LD_RUNPATH_SEARCH_PATHS = "$(inherited) @executable_path/Frameworks";
				PRODUCT_BUNDLE_IDENTIFIER = win.sourcecode.SudokuTool;
				PRODUCT_NAME = "$(TARGET_NAME)";
				SWIFT_VERSION = 3.0;
			};
			name = Release;
		};
/* End XCBuildConfiguration section */

/* Begin XCConfigurationList section */
		66D792C31E54542000475454 /* Build configuration list for PBXProject "SudokuTool" */ = {
			isa = XCConfigurationList;
			buildConfigurations = (
				66D792D81E54542000475454 /* Debug */,
				66D792D91E54542000475454 /* Release */,
			);
			defaultConfigurationIsVisible = 0;
			defaultConfigurationName = Release;
		};
		66D792DA1E54542000475454 /* Build configuration list for PBXNativeTarget "SudokuTool" */ = {
			isa = XCConfigurationList;
			buildConfigurations = (
				66D792DB1E54542000475454 /* Debug */,
				66D792DC1E54542000475454 /* Release */,
			);
			defaultConfigurationIsVisible = 0;
			defaultConfigurationName = Release;
		};
/* End XCConfigurationList section */
	};
	rootObject = 66D792C01E54542000475454 /* Project object */;
}
